
Microsoft Visual Studio Solution File, Format Version 12.00
# Visual Studio Version 17
VisualStudioVersion = 17.0.31903.59
MinimumVisualStudioVersion = 10.0.40219.1
Project("{2150E333-8FDC-42A3-9474-1A3956D46DE8}") = "tests", "tests", "{02EA681E-C7D8-13C7-8484-4AC65E1B71E8}"
EndProject
Project("{FAE04EC0-301F-11D3-BF4B-00C04F79EFBC}") = "Multitenant.Enforcer.Tests", "tests\Multitenant.Enforcer.Tests\Multitenant.Enforcer.Tests.csproj", "{8A719C28-BF35-BAAE-45DA-C823AB1E0978}"
EndProject
Project("{2150E333-8FDC-42A3-9474-1A3956D46DE8}") = "demo", "demo", "{D2AEAAC9-9C4D-411E-9C23-08022A41B13D}"
EndProject
Project("{FAE04EC0-301F-11D3-BF4B-00C04F79EFBC}") = "TaskMasterPro.Api", "demo\TaskMasterPro.Api\TaskMasterPro.Api.csproj", "{CC4D34EC-9BF8-4137-A94E-FFDBC6C3B935}"
EndProject
Project("{2150E333-8FDC-42A3-9474-1A3956D46DE8}") = "Solution Items", "Solution Items", "{8EC462FD-D22E-90A8-E5CE-7E832BA40C5D}"
	ProjectSection(SolutionItems) = preProject
		configuration.md = configuration.md
		README.md = README.md
		features.md = features.md
		resolvers.md = resolvers.md
	EndProjectSection
EndProject
Project("{2150E333-8FDC-42A3-9474-1A3956D46DE8}") = "src", "src", "{C167D8E8-6283-492E-AC33-CB2E928487CF}"
EndProject
Project("{FAE04EC0-301F-11D3-BF4B-00C04F79EFBC}") = "MultitenantEnforcer.IntegrationTests", "tests\MultiTenantEnforcer.IntegrationTests\MultitenantEnforcer.IntegrationTests.csproj", "{C2716667-104C-D921-0E39-69CC9B2363E1}"
EndProject
Project("{FAE04EC0-301F-11D3-BF4B-00C04F79EFBC}") = "Multitenant.Enforcer", "src\Multitenant.Enforcer\Multitenant.Enforcer.csproj", "{A88AA0DB-D4BD-89B1-5811-E5ED05519161}"
EndProject
Project("{FAE04EC0-301F-11D3-BF4B-00C04F79EFBC}") = "Multitenant.Enforcer.Analyzers", "src\Multitenant.Enforcer.Analyzers\Multitenant.Enforcer.Analyzers.csproj", "{00802157-8CDD-7CFA-47AB-C1B31A77BE74}"
EndProject
Project("{FAE04EC0-301F-11D3-BF4B-00C04F79EFBC}") = "Multitenant.Enforcer.AnalyzersTests", "tests\MultiTenant.Enforcer.AnalyzersTests\Multitenant.Enforcer.AnalyzersTests.csproj", "{761058A8-8A1B-DED2-11DC-80993CC3EDCC}"
EndProject
Global
	GlobalSection(SolutionConfigurationPlatforms) = preSolution
		Debug|Any CPU = Debug|Any CPU
		Release|Any CPU = Release|Any CPU
	EndGlobalSection
	GlobalSection(ProjectConfigurationPlatforms) = postSolution
		{8A719C28-BF35-BAAE-45DA-C823AB1E0978}.Debug|Any CPU.ActiveCfg = Debug|Any CPU
		{8A719C28-BF35-BAAE-45DA-C823AB1E0978}.Debug|Any CPU.Build.0 = Debug|Any CPU
		{8A719C28-BF35-BAAE-45DA-C823AB1E0978}.Release|Any CPU.ActiveCfg = Release|Any CPU
		{8A719C28-BF35-BAAE-45DA-C823AB1E0978}.Release|Any CPU.Build.0 = Release|Any CPU
		{CC4D34EC-9BF8-4137-A94E-FFDBC6C3B935}.Debug|Any CPU.ActiveCfg = Debug|Any CPU
		{CC4D34EC-9BF8-4137-A94E-FFDBC6C3B935}.Debug|Any CPU.Build.0 = Debug|Any CPU
		{CC4D34EC-9BF8-4137-A94E-FFDBC6C3B935}.Release|Any CPU.ActiveCfg = Release|Any CPU
		{CC4D34EC-9BF8-4137-A94E-FFDBC6C3B935}.Release|Any CPU.Build.0 = Release|Any CPU
		{C2716667-104C-D921-0E39-69CC9B2363E1}.Debug|Any CPU.ActiveCfg = Debug|Any CPU
		{C2716667-104C-D921-0E39-69CC9B2363E1}.Debug|Any CPU.Build.0 = Debug|Any CPU
		{C2716667-104C-D921-0E39-69CC9B2363E1}.Release|Any CPU.ActiveCfg = Release|Any CPU
		{C2716667-104C-D921-0E39-69CC9B2363E1}.Release|Any CPU.Build.0 = Release|Any CPU
		{A88AA0DB-D4BD-89B1-5811-E5ED05519161}.Debug|Any CPU.ActiveCfg = Debug|Any CPU
		{A88AA0DB-D4BD-89B1-5811-E5ED05519161}.Debug|Any CPU.Build.0 = Debug|Any CPU
		{A88AA0DB-D4BD-89B1-5811-E5ED05519161}.Release|Any CPU.ActiveCfg = Release|Any CPU
		{A88AA0DB-D4BD-89B1-5811-E5ED05519161}.Release|Any CPU.Build.0 = Release|Any CPU
		{00802157-8CDD-7CFA-47AB-C1B31A77BE74}.Debug|Any CPU.ActiveCfg = Debug|Any CPU
		{00802157-8CDD-7CFA-47AB-C1B31A77BE74}.Debug|Any CPU.Build.0 = Debug|Any CPU
		{00802157-8CDD-7CFA-47AB-C1B31A77BE74}.Release|Any CPU.ActiveCfg = Release|Any CPU
		{00802157-8CDD-7CFA-47AB-C1B31A77BE74}.Release|Any CPU.Build.0 = Release|Any CPU
		{761058A8-8A1B-DED2-11DC-80993CC3EDCC}.Debug|Any CPU.ActiveCfg = Debug|Any CPU
		{761058A8-8A1B-DED2-11DC-80993CC3EDCC}.Debug|Any CPU.Build.0 = Debug|Any CPU
		{761058A8-8A1B-DED2-11DC-80993CC3EDCC}.Release|Any CPU.ActiveCfg = Release|Any CPU
		{761058A8-8A1B-DED2-11DC-80993CC3EDCC}.Release|Any CPU.Build.0 = Release|Any CPU
	EndGlobalSection
	GlobalSection(SolutionProperties) = preSolution
		HideSolutionNode = FALSE
	EndGlobalSection
	GlobalSection(NestedProjects) = preSolution
		{8A719C28-BF35-BAAE-45DA-C823AB1E0978} = {02EA681E-C7D8-13C7-8484-4AC65E1B71E8}
		{CC4D34EC-9BF8-4137-A94E-FFDBC6C3B935} = {D2AEAAC9-9C4D-411E-9C23-08022A41B13D}
		{C2716667-104C-D921-0E39-69CC9B2363E1} = {02EA681E-C7D8-13C7-8484-4AC65E1B71E8}
		{A88AA0DB-D4BD-89B1-5811-E5ED05519161} = {C167D8E8-6283-492E-AC33-CB2E928487CF}
		{00802157-8CDD-7CFA-47AB-C1B31A77BE74} = {C167D8E8-6283-492E-AC33-CB2E928487CF}
		{761058A8-8A1B-DED2-11DC-80993CC3EDCC} = {02EA681E-C7D8-13C7-8484-4AC65E1B71E8}
	EndGlobalSection
	GlobalSection(ExtensibilityGlobals) = postSolution
		SolutionGuid = {37913EC7-5F5C-421A-A296-2780E5973F60}
	EndGlobalSection
EndGlobal
